// !$*UTF8*$!
{
	archiveVersion = 1;
	classes = {
	};
	objectVersion = 46;
	objects = {

/* Begin PBXBuildFile section */
		54DE616B1703567F00DC5F7B /* PersonTests.m in Sources */ = {isa = PBXBuildFile; fileRef = 54DE616A1703567F00DC5F7B /* PersonTests.m */; };
		54DE616E170358B400DC5F7B /* Person.m in Sources */ = {isa = PBXBuildFile; fileRef = 54DE616D170358B400DC5F7B /* Person.m */; };
		54DE616F170358B400DC5F7B /* Person.m in Sources */ = {isa = PBXBuildFile; fileRef = 54DE616D170358B400DC5F7B /* Person.m */; };
		54DE6172170367F600DC5F7B /* AnswerTests.m in Sources */ = {isa = PBXBuildFile; fileRef = 54DE6171170367F600DC5F7B /* AnswerTests.m */; };
		54DE6175170368A500DC5F7B /* Answer.m in Sources */ = {isa = PBXBuildFile; fileRef = 54DE6174170368A500DC5F7B /* Answer.m */; };
		54DE6176170368A500DC5F7B /* Answer.m in Sources */ = {isa = PBXBuildFile; fileRef = 54DE6174170368A500DC5F7B /* Answer.m */; };
		572CE13E17061CF700876753 /* StackOverflowCommunicator.m in Sources */ = {isa = PBXBuildFile; fileRef = 572CE13D17061CF700876753 /* StackOverflowCommunicator.m */; };
		572CE13F17061CF700876753 /* StackOverflowCommunicator.m in Sources */ = {isa = PBXBuildFile; fileRef = 572CE13D17061CF700876753 /* StackOverflowCommunicator.m */; };
		572CE14217061D3400876753 /* MockStackOverflowCommunicator.m in Sources */ = {isa = PBXBuildFile; fileRef = 572CE14117061D3400876753 /* MockStackOverflowCommunicator.m */; };
		572CE145170636EA00876753 /* QuestionBuilder.m in Sources */ = {isa = PBXBuildFile; fileRef = 572CE144170636EA00876753 /* QuestionBuilder.m */; };
		572CE146170636EA00876753 /* QuestionBuilder.m in Sources */ = {isa = PBXBuildFile; fileRef = 572CE144170636EA00876753 /* QuestionBuilder.m */; };
		572CE14A1706376E00876753 /* FakeQuestionBuilder.m in Sources */ = {isa = PBXBuildFile; fileRef = 572CE1491706376E00876753 /* FakeQuestionBuilder.m */; };
		572CE14D1708478A00876753 /* QuestionBuilderTests.m in Sources */ = {isa = PBXBuildFile; fileRef = 572CE14C1708478A00876753 /* QuestionBuilderTests.m */; };
		578C2B911706108B00C5069D /* QuestionCreationWorkflowTests.m in Sources */ = {isa = PBXBuildFile; fileRef = 578C2B901706108B00C5069D /* QuestionCreationWorkflowTests.m */; };
		578C2B96170611EF00C5069D /* StackOverflowManager.m in Sources */ = {isa = PBXBuildFile; fileRef = 578C2B95170611EF00C5069D /* StackOverflowManager.m */; };
		578C2B97170611EF00C5069D /* StackOverflowManager.m in Sources */ = {isa = PBXBuildFile; fileRef = 578C2B95170611EF00C5069D /* StackOverflowManager.m */; };
		578C2B9B1706136600C5069D /* MockStackOverflowManagerDelegate.m in Sources */ = {isa = PBXBuildFile; fileRef = 578C2B9A1706136600C5069D /* MockStackOverflowManagerDelegate.m */; };
		57CFCDD1170234BA00DEEB87 /* QuestionTests.m in Sources */ = {isa = PBXBuildFile; fileRef = 57CFCDD0170234BA00DEEB87 /* QuestionTests.m */; };
		57CFCDD41702354700DEEB87 /* Question.m in Sources */ = {isa = PBXBuildFile; fileRef = 57CFCDD31702354700DEEB87 /* Question.m */; };
		57CFCDD51702354700DEEB87 /* Question.m in Sources */ = {isa = PBXBuildFile; fileRef = 57CFCDD31702354700DEEB87 /* Question.m */; };
		57E39AEC16FF8E1D00D686E9 /* UIKit.framework in Frameworks */ = {isa = PBXBuildFile; fileRef = 57E39AEB16FF8E1D00D686E9 /* UIKit.framework */; };
		57E39AEE16FF8E1D00D686E9 /* Foundation.framework in Frameworks */ = {isa = PBXBuildFile; fileRef = 57E39AED16FF8E1D00D686E9 /* Foundation.framework */; };
		57E39AF016FF8E1D00D686E9 /* CoreGraphics.framework in Frameworks */ = {isa = PBXBuildFile; fileRef = 57E39AEF16FF8E1D00D686E9 /* CoreGraphics.framework */; };
		57E39AF616FF8E1D00D686E9 /* InfoPlist.strings in Resources */ = {isa = PBXBuildFile; fileRef = 57E39AF416FF8E1D00D686E9 /* InfoPlist.strings */; };
		57E39AF816FF8E1D00D686E9 /* main.m in Sources */ = {isa = PBXBuildFile; fileRef = 57E39AF716FF8E1D00D686E9 /* main.m */; };
		57E39AFC16FF8E1D00D686E9 /* AppDelegate.m in Sources */ = {isa = PBXBuildFile; fileRef = 57E39AFB16FF8E1D00D686E9 /* AppDelegate.m */; };
		57E39AFE16FF8E1D00D686E9 /* Default.png in Resources */ = {isa = PBXBuildFile; fileRef = 57E39AFD16FF8E1D00D686E9 /* Default.png */; };
		57E39B0016FF8E1D00D686E9 /* Default@2x.png in Resources */ = {isa = PBXBuildFile; fileRef = 57E39AFF16FF8E1D00D686E9 /* Default@2x.png */; };
		57E39B0216FF8E1D00D686E9 /* Default-568h@2x.png in Resources */ = {isa = PBXBuildFile; fileRef = 57E39B0116FF8E1D00D686E9 /* Default-568h@2x.png */; };
		57E39B0516FF8E1D00D686E9 /* MasterViewController.m in Sources */ = {isa = PBXBuildFile; fileRef = 57E39B0416FF8E1D00D686E9 /* MasterViewController.m */; };
		57E39B0816FF8E1D00D686E9 /* DetailViewController.m in Sources */ = {isa = PBXBuildFile; fileRef = 57E39B0716FF8E1D00D686E9 /* DetailViewController.m */; };
		57E39B0B16FF8E1D00D686E9 /* MasterViewController.xib in Resources */ = {isa = PBXBuildFile; fileRef = 57E39B0916FF8E1D00D686E9 /* MasterViewController.xib */; };
		57E39B0E16FF8E1D00D686E9 /* DetailViewController.xib in Resources */ = {isa = PBXBuildFile; fileRef = 57E39B0C16FF8E1D00D686E9 /* DetailViewController.xib */; };
		57E39B1616FF8E1E00D686E9 /* SenTestingKit.framework in Frameworks */ = {isa = PBXBuildFile; fileRef = 57E39B1516FF8E1E00D686E9 /* SenTestingKit.framework */; };
		57E39B1716FF8E1E00D686E9 /* UIKit.framework in Frameworks */ = {isa = PBXBuildFile; fileRef = 57E39AEB16FF8E1D00D686E9 /* UIKit.framework */; };
		57E39B1816FF8E1E00D686E9 /* Foundation.framework in Frameworks */ = {isa = PBXBuildFile; fileRef = 57E39AED16FF8E1D00D686E9 /* Foundation.framework */; };
		57E39B2016FF8E1E00D686E9 /* InfoPlist.strings in Resources */ = {isa = PBXBuildFile; fileRef = 57E39B1E16FF8E1E00D686E9 /* InfoPlist.strings */; };
		57E39B2E16FF97DE00D686E9 /* TopicTests.m in Sources */ = {isa = PBXBuildFile; fileRef = 57E39B2D16FF97DE00D686E9 /* TopicTests.m */; };
		57E39B3216FF985400D686E9 /* Topic.m in Sources */ = {isa = PBXBuildFile; fileRef = 57E39B3116FF985400D686E9 /* Topic.m */; };
		57E39B3316FF985400D686E9 /* Topic.m in Sources */ = {isa = PBXBuildFile; fileRef = 57E39B3116FF985400D686E9 /* Topic.m */; };
/* End PBXBuildFile section */

/* Begin PBXContainerItemProxy section */
		57E39B1916FF8E1E00D686E9 /* PBXContainerItemProxy */ = {
			isa = PBXContainerItemProxy;
			containerPortal = 57E39AE016FF8E1D00D686E9 /* Project object */;
			proxyType = 1;
			remoteGlobalIDString = 57E39AE716FF8E1D00D686E9;
			remoteInfo = BrowseOverflow;
		};
/* End PBXContainerItemProxy section */

/* Begin PBXFileReference section */
		54DE61691703567F00DC5F7B /* PersonTests.h */ = {isa = PBXFileReference; fileEncoding = 4; lastKnownFileType = sourcecode.c.h; path = PersonTests.h; sourceTree = "<group>"; };
		54DE616A1703567F00DC5F7B /* PersonTests.m */ = {isa = PBXFileReference; fileEncoding = 4; lastKnownFileType = sourcecode.c.objc; path = PersonTests.m; sourceTree = "<group>"; };
		54DE616C170358B400DC5F7B /* Person.h */ = {isa = PBXFileReference; fileEncoding = 4; lastKnownFileType = sourcecode.c.h; path = Person.h; sourceTree = "<group>"; };
		54DE616D170358B400DC5F7B /* Person.m */ = {isa = PBXFileReference; fileEncoding = 4; lastKnownFileType = sourcecode.c.objc; path = Person.m; sourceTree = "<group>"; };
		54DE6170170367F600DC5F7B /* AnswerTests.h */ = {isa = PBXFileReference; fileEncoding = 4; lastKnownFileType = sourcecode.c.h; path = AnswerTests.h; sourceTree = "<group>"; };
		54DE6171170367F600DC5F7B /* AnswerTests.m */ = {isa = PBXFileReference; fileEncoding = 4; lastKnownFileType = sourcecode.c.objc; path = AnswerTests.m; sourceTree = "<group>"; };
		54DE6173170368A500DC5F7B /* Answer.h */ = {isa = PBXFileReference; fileEncoding = 4; lastKnownFileType = sourcecode.c.h; path = Answer.h; sourceTree = "<group>"; };
		54DE6174170368A500DC5F7B /* Answer.m */ = {isa = PBXFileReference; fileEncoding = 4; lastKnownFileType = sourcecode.c.objc; path = Answer.m; sourceTree = "<group>"; };
		572CE13C17061CF700876753 /* StackOverflowCommunicator.h */ = {isa = PBXFileReference; fileEncoding = 4; lastKnownFileType = sourcecode.c.h; path = StackOverflowCommunicator.h; sourceTree = "<group>"; };
		572CE13D17061CF700876753 /* StackOverflowCommunicator.m */ = {isa = PBXFileReference; fileEncoding = 4; lastKnownFileType = sourcecode.c.objc; path = StackOverflowCommunicator.m; sourceTree = "<group>"; };
		572CE14017061D3400876753 /* MockStackOverflowCommunicator.h */ = {isa = PBXFileReference; fileEncoding = 4; lastKnownFileType = sourcecode.c.h; path = MockStackOverflowCommunicator.h; sourceTree = "<group>"; };
		572CE14117061D3400876753 /* MockStackOverflowCommunicator.m */ = {isa = PBXFileReference; fileEncoding = 4; lastKnownFileType = sourcecode.c.objc; path = MockStackOverflowCommunicator.m; sourceTree = "<group>"; };
		572CE143170636EA00876753 /* QuestionBuilder.h */ = {isa = PBXFileReference; fileEncoding = 4; lastKnownFileType = sourcecode.c.h; path = QuestionBuilder.h; sourceTree = "<group>"; };
		572CE144170636EA00876753 /* QuestionBuilder.m */ = {isa = PBXFileReference; fileEncoding = 4; lastKnownFileType = sourcecode.c.objc; path = QuestionBuilder.m; sourceTree = "<group>"; };
		572CE1481706376E00876753 /* FakeQuestionBuilder.h */ = {isa = PBXFileReference; fileEncoding = 4; lastKnownFileType = sourcecode.c.h; path = FakeQuestionBuilder.h; sourceTree = "<group>"; };
		572CE1491706376E00876753 /* FakeQuestionBuilder.m */ = {isa = PBXFileReference; fileEncoding = 4; lastKnownFileType = sourcecode.c.objc; path = FakeQuestionBuilder.m; sourceTree = "<group>"; };
		572CE14B1708478A00876753 /* QuestionBuilderTests.h */ = {isa = PBXFileReference; fileEncoding = 4; lastKnownFileType = sourcecode.c.h; path = QuestionBuilderTests.h; sourceTree = "<group>"; };
		572CE14C1708478A00876753 /* QuestionBuilderTests.m */ = {isa = PBXFileReference; fileEncoding = 4; lastKnownFileType = sourcecode.c.objc; path = QuestionBuilderTests.m; sourceTree = "<group>"; };
		578C2B8F1706108B00C5069D /* QuestionCreationWorkflowTests.h */ = {isa = PBXFileReference; fileEncoding = 4; lastKnownFileType = sourcecode.c.h; path = QuestionCreationWorkflowTests.h; sourceTree = "<group>"; };
		578C2B901706108B00C5069D /* QuestionCreationWorkflowTests.m */ = {isa = PBXFileReference; fileEncoding = 4; lastKnownFileType = sourcecode.c.objc; path = QuestionCreationWorkflowTests.m; sourceTree = "<group>"; };
		578C2B94170611EF00C5069D /* StackOverflowManager.h */ = {isa = PBXFileReference; fileEncoding = 4; lastKnownFileType = sourcecode.c.h; path = StackOverflowManager.h; sourceTree = "<group>"; };
		578C2B95170611EF00C5069D /* StackOverflowManager.m */ = {isa = PBXFileReference; fileEncoding = 4; lastKnownFileType = sourcecode.c.objc; path = StackOverflowManager.m; sourceTree = "<group>"; };
		578C2B991706136600C5069D /* MockStackOverflowManagerDelegate.h */ = {isa = PBXFileReference; fileEncoding = 4; lastKnownFileType = sourcecode.c.h; path = MockStackOverflowManagerDelegate.h; sourceTree = "<group>"; };
		578C2B9A1706136600C5069D /* MockStackOverflowManagerDelegate.m */ = {isa = PBXFileReference; fileEncoding = 4; lastKnownFileType = sourcecode.c.objc; path = MockStackOverflowManagerDelegate.m; sourceTree = "<group>"; };
		57CFCDCF170234BA00DEEB87 /* QuestionTests.h */ = {isa = PBXFileReference; fileEncoding = 4; lastKnownFileType = sourcecode.c.h; path = QuestionTests.h; sourceTree = "<group>"; };
		57CFCDD0170234BA00DEEB87 /* QuestionTests.m */ = {isa = PBXFileReference; fileEncoding = 4; lastKnownFileType = sourcecode.c.objc; path = QuestionTests.m; sourceTree = "<group>"; };
		57CFCDD21702354700DEEB87 /* Question.h */ = {isa = PBXFileReference; fileEncoding = 4; lastKnownFileType = sourcecode.c.h; path = Question.h; sourceTree = "<group>"; };
		57CFCDD31702354700DEEB87 /* Question.m */ = {isa = PBXFileReference; fileEncoding = 4; lastKnownFileType = sourcecode.c.objc; path = Question.m; sourceTree = "<group>"; };
		57E39AE816FF8E1D00D686E9 /* BrowseOverflow.app */ = {isa = PBXFileReference; explicitFileType = wrapper.application; includeInIndex = 0; path = BrowseOverflow.app; sourceTree = BUILT_PRODUCTS_DIR; };
		57E39AEB16FF8E1D00D686E9 /* UIKit.framework */ = {isa = PBXFileReference; lastKnownFileType = wrapper.framework; name = UIKit.framework; path = System/Library/Frameworks/UIKit.framework; sourceTree = SDKROOT; };
		57E39AED16FF8E1D00D686E9 /* Foundation.framework */ = {isa = PBXFileReference; lastKnownFileType = wrapper.framework; name = Foundation.framework; path = System/Library/Frameworks/Foundation.framework; sourceTree = SDKROOT; };
		57E39AEF16FF8E1D00D686E9 /* CoreGraphics.framework */ = {isa = PBXFileReference; lastKnownFileType = wrapper.framework; name = CoreGraphics.framework; path = System/Library/Frameworks/CoreGraphics.framework; sourceTree = SDKROOT; };
		57E39AF316FF8E1D00D686E9 /* BrowseOverflow-Info.plist */ = {isa = PBXFileReference; lastKnownFileType = text.plist.xml; path = "BrowseOverflow-Info.plist"; sourceTree = "<group>"; };
		57E39AF516FF8E1D00D686E9 /* en */ = {isa = PBXFileReference; lastKnownFileType = text.plist.strings; name = en; path = en.lproj/InfoPlist.strings; sourceTree = "<group>"; };
		57E39AF716FF8E1D00D686E9 /* main.m */ = {isa = PBXFileReference; lastKnownFileType = sourcecode.c.objc; path = main.m; sourceTree = "<group>"; };
		57E39AF916FF8E1D00D686E9 /* BrowseOverflow-Prefix.pch */ = {isa = PBXFileReference; lastKnownFileType = sourcecode.c.h; path = "BrowseOverflow-Prefix.pch"; sourceTree = "<group>"; };
		57E39AFA16FF8E1D00D686E9 /* AppDelegate.h */ = {isa = PBXFileReference; lastKnownFileType = sourcecode.c.h; path = AppDelegate.h; sourceTree = "<group>"; };
		57E39AFB16FF8E1D00D686E9 /* AppDelegate.m */ = {isa = PBXFileReference; lastKnownFileType = sourcecode.c.objc; path = AppDelegate.m; sourceTree = "<group>"; };
		57E39AFD16FF8E1D00D686E9 /* Default.png */ = {isa = PBXFileReference; lastKnownFileType = image.png; path = Default.png; sourceTree = "<group>"; };
		57E39AFF16FF8E1D00D686E9 /* Default@2x.png */ = {isa = PBXFileReference; lastKnownFileType = image.png; path = "Default@2x.png"; sourceTree = "<group>"; };
		57E39B0116FF8E1D00D686E9 /* Default-568h@2x.png */ = {isa = PBXFileReference; lastKnownFileType = image.png; path = "Default-568h@2x.png"; sourceTree = "<group>"; };
		57E39B0316FF8E1D00D686E9 /* MasterViewController.h */ = {isa = PBXFileReference; lastKnownFileType = sourcecode.c.h; path = MasterViewController.h; sourceTree = "<group>"; };
		57E39B0416FF8E1D00D686E9 /* MasterViewController.m */ = {isa = PBXFileReference; lastKnownFileType = sourcecode.c.objc; path = MasterViewController.m; sourceTree = "<group>"; };
		57E39B0616FF8E1D00D686E9 /* DetailViewController.h */ = {isa = PBXFileReference; lastKnownFileType = sourcecode.c.h; path = DetailViewController.h; sourceTree = "<group>"; };
		57E39B0716FF8E1D00D686E9 /* DetailViewController.m */ = {isa = PBXFileReference; lastKnownFileType = sourcecode.c.objc; path = DetailViewController.m; sourceTree = "<group>"; };
		57E39B0A16FF8E1D00D686E9 /* en */ = {isa = PBXFileReference; lastKnownFileType = file.xib; name = en; path = en.lproj/MasterViewController.xib; sourceTree = "<group>"; };
		57E39B0D16FF8E1D00D686E9 /* en */ = {isa = PBXFileReference; lastKnownFileType = file.xib; name = en; path = en.lproj/DetailViewController.xib; sourceTree = "<group>"; };
		57E39B1416FF8E1E00D686E9 /* BrowseOverflowTests.octest */ = {isa = PBXFileReference; explicitFileType = wrapper.cfbundle; includeInIndex = 0; path = BrowseOverflowTests.octest; sourceTree = BUILT_PRODUCTS_DIR; };
		57E39B1516FF8E1E00D686E9 /* SenTestingKit.framework */ = {isa = PBXFileReference; lastKnownFileType = wrapper.framework; name = SenTestingKit.framework; path = Library/Frameworks/SenTestingKit.framework; sourceTree = DEVELOPER_DIR; };
		57E39B1D16FF8E1E00D686E9 /* BrowseOverflowTests-Info.plist */ = {isa = PBXFileReference; lastKnownFileType = text.plist.xml; path = "BrowseOverflowTests-Info.plist"; sourceTree = "<group>"; };
		57E39B1F16FF8E1E00D686E9 /* en */ = {isa = PBXFileReference; lastKnownFileType = text.plist.strings; name = en; path = en.lproj/InfoPlist.strings; sourceTree = "<group>"; };
		57E39B2C16FF97DE00D686E9 /* TopicTests.h */ = {isa = PBXFileReference; fileEncoding = 4; lastKnownFileType = sourcecode.c.h; path = TopicTests.h; sourceTree = "<group>"; };
		57E39B2D16FF97DE00D686E9 /* TopicTests.m */ = {isa = PBXFileReference; fileEncoding = 4; lastKnownFileType = sourcecode.c.objc; path = TopicTests.m; sourceTree = "<group>"; };
		57E39B3016FF985400D686E9 /* Topic.h */ = {isa = PBXFileReference; fileEncoding = 4; lastKnownFileType = sourcecode.c.h; path = Topic.h; sourceTree = "<group>"; };
		57E39B3116FF985400D686E9 /* Topic.m */ = {isa = PBXFileReference; fileEncoding = 4; lastKnownFileType = sourcecode.c.objc; path = Topic.m; sourceTree = "<group>"; };
/* End PBXFileReference section */

/* Begin PBXFrameworksBuildPhase section */
		57E39AE516FF8E1D00D686E9 /* Frameworks */ = {
			isa = PBXFrameworksBuildPhase;
			buildActionMask = 2147483647;
			files = (
				57E39AEC16FF8E1D00D686E9 /* UIKit.framework in Frameworks */,
				57E39AEE16FF8E1D00D686E9 /* Foundation.framework in Frameworks */,
				57E39AF016FF8E1D00D686E9 /* CoreGraphics.framework in Frameworks */,
			);
			runOnlyForDeploymentPostprocessing = 0;
		};
		57E39B1016FF8E1E00D686E9 /* Frameworks */ = {
			isa = PBXFrameworksBuildPhase;
			buildActionMask = 2147483647;
			files = (
				57E39B1616FF8E1E00D686E9 /* SenTestingKit.framework in Frameworks */,
				57E39B1716FF8E1E00D686E9 /* UIKit.framework in Frameworks */,
				57E39B1816FF8E1E00D686E9 /* Foundation.framework in Frameworks */,
			);
			runOnlyForDeploymentPostprocessing = 0;
		};
/* End PBXFrameworksBuildPhase section */

/* Begin PBXGroup section */
		572CE1471706375F00876753 /* Fake */ = {
			isa = PBXGroup;
			children = (
				572CE1481706376E00876753 /* FakeQuestionBuilder.h */,
				572CE1491706376E00876753 /* FakeQuestionBuilder.m */,
			);
			path = Fake;
			sourceTree = "<group>";
		};
		578C2B93170611DD00C5069D /* Logic */ = {
			isa = PBXGroup;
			children = (
				572CE143170636EA00876753 /* QuestionBuilder.h */,
				572CE144170636EA00876753 /* QuestionBuilder.m */,
				572CE13C17061CF700876753 /* StackOverflowCommunicator.h */,
				572CE13D17061CF700876753 /* StackOverflowCommunicator.m */,
				578C2B94170611EF00C5069D /* StackOverflowManager.h */,
				578C2B95170611EF00C5069D /* StackOverflowManager.m */,
			);
			path = Logic;
			sourceTree = "<group>";
		};
		578C2B981706134C00C5069D /* Mock */ = {
			isa = PBXGroup;
			children = (
				572CE14017061D3400876753 /* MockStackOverflowCommunicator.h */,
				572CE14117061D3400876753 /* MockStackOverflowCommunicator.m */,
				578C2B991706136600C5069D /* MockStackOverflowManagerDelegate.h */,
				578C2B9A1706136600C5069D /* MockStackOverflowManagerDelegate.m */,
			);
			path = Mock;
			sourceTree = "<group>";
		};
		57E39ADF16FF8E1D00D686E9 = {
			isa = PBXGroup;
			children = (
				57E39AF116FF8E1D00D686E9 /* BrowseOverflow */,
				57E39B1B16FF8E1E00D686E9 /* BrowseOverflowTests */,
				57E39AEA16FF8E1D00D686E9 /* Frameworks */,
				57E39AE916FF8E1D00D686E9 /* Products */,
			);
			sourceTree = "<group>";
		};
		57E39AE916FF8E1D00D686E9 /* Products */ = {
			isa = PBXGroup;
			children = (
				57E39AE816FF8E1D00D686E9 /* BrowseOverflow.app */,
				57E39B1416FF8E1E00D686E9 /* BrowseOverflowTests.octest */,
			);
			name = Products;
			sourceTree = "<group>";
		};
		57E39AEA16FF8E1D00D686E9 /* Frameworks */ = {
			isa = PBXGroup;
			children = (
				57E39AEB16FF8E1D00D686E9 /* UIKit.framework */,
				57E39AED16FF8E1D00D686E9 /* Foundation.framework */,
				57E39AEF16FF8E1D00D686E9 /* CoreGraphics.framework */,
				57E39B1516FF8E1E00D686E9 /* SenTestingKit.framework */,
			);
			name = Frameworks;
			sourceTree = "<group>";
		};
		57E39AF116FF8E1D00D686E9 /* BrowseOverflow */ = {
			isa = PBXGroup;
			children = (
				57E39AFA16FF8E1D00D686E9 /* AppDelegate.h */,
				57E39AFB16FF8E1D00D686E9 /* AppDelegate.m */,
				57E39B2F16FF984500D686E9 /* DataModel */,
				57E39B0616FF8E1D00D686E9 /* DetailViewController.h */,
				57E39B0716FF8E1D00D686E9 /* DetailViewController.m */,
				57E39B0C16FF8E1D00D686E9 /* DetailViewController.xib */,
				578C2B93170611DD00C5069D /* Logic */,
				57E39B0316FF8E1D00D686E9 /* MasterViewController.h */,
				57E39B0416FF8E1D00D686E9 /* MasterViewController.m */,
				57E39B0916FF8E1D00D686E9 /* MasterViewController.xib */,
				57E39AF216FF8E1D00D686E9 /* Supporting Files */,
			);
			path = BrowseOverflow;
			sourceTree = "<group>";
		};
		57E39AF216FF8E1D00D686E9 /* Supporting Files */ = {
			isa = PBXGroup;
			children = (
				57E39AF316FF8E1D00D686E9 /* BrowseOverflow-Info.plist */,
				57E39AF416FF8E1D00D686E9 /* InfoPlist.strings */,
				57E39AF716FF8E1D00D686E9 /* main.m */,
				57E39AF916FF8E1D00D686E9 /* BrowseOverflow-Prefix.pch */,
				57E39AFD16FF8E1D00D686E9 /* Default.png */,
				57E39AFF16FF8E1D00D686E9 /* Default@2x.png */,
				57E39B0116FF8E1D00D686E9 /* Default-568h@2x.png */,
			);
			name = "Supporting Files";
			sourceTree = "<group>";
		};
		57E39B1B16FF8E1E00D686E9 /* BrowseOverflowTests */ = {
			isa = PBXGroup;
			children = (
				54DE6170170367F600DC5F7B /* AnswerTests.h */,
				54DE6171170367F600DC5F7B /* AnswerTests.m */,
				572CE1471706375F00876753 /* Fake */,
				578C2B981706134C00C5069D /* Mock */,
				54DE61691703567F00DC5F7B /* PersonTests.h */,
				54DE616A1703567F00DC5F7B /* PersonTests.m */,
				572CE14B1708478A00876753 /* QuestionBuilderTests.h */,
				572CE14C1708478A00876753 /* QuestionBuilderTests.m */,
				578C2B8F1706108B00C5069D /* QuestionCreationWorkflowTests.h */,
				578C2B901706108B00C5069D /* QuestionCreationWorkflowTests.m */,
				57CFCDCF170234BA00DEEB87 /* QuestionTests.h */,
				57CFCDD0170234BA00DEEB87 /* QuestionTests.m */,
				57E39B1C16FF8E1E00D686E9 /* Supporting Files */,
				57E39B2C16FF97DE00D686E9 /* TopicTests.h */,
				57E39B2D16FF97DE00D686E9 /* TopicTests.m */,
			);
			path = BrowseOverflowTests;
			sourceTree = "<group>";
		};
		57E39B1C16FF8E1E00D686E9 /* Supporting Files */ = {
			isa = PBXGroup;
			children = (
				57E39B1D16FF8E1E00D686E9 /* BrowseOverflowTests-Info.plist */,
				57E39B1E16FF8E1E00D686E9 /* InfoPlist.strings */,
			);
			name = "Supporting Files";
			sourceTree = "<group>";
		};
		57E39B2F16FF984500D686E9 /* DataModel */ = {
			isa = PBXGroup;
			children = (
				54DE6173170368A500DC5F7B /* Answer.h */,
				54DE6174170368A500DC5F7B /* Answer.m */,
				54DE616C170358B400DC5F7B /* Person.h */,
				54DE616D170358B400DC5F7B /* Person.m */,
				57CFCDD21702354700DEEB87 /* Question.h */,
				57CFCDD31702354700DEEB87 /* Question.m */,
				57E39B3016FF985400D686E9 /* Topic.h */,
				57E39B3116FF985400D686E9 /* Topic.m */,
			);
			path = DataModel;
			sourceTree = "<group>";
		};
/* End PBXGroup section */

/* Begin PBXNativeTarget section */
		57E39AE716FF8E1D00D686E9 /* BrowseOverflow */ = {
			isa = PBXNativeTarget;
			buildConfigurationList = 57E39B2616FF8E1E00D686E9 /* Build configuration list for PBXNativeTarget "BrowseOverflow" */;
			buildPhases = (
				57E39AE416FF8E1D00D686E9 /* Sources */,
				57E39AE516FF8E1D00D686E9 /* Frameworks */,
				57E39AE616FF8E1D00D686E9 /* Resources */,
			);
			buildRules = (
			);
			dependencies = (
			);
			name = BrowseOverflow;
			productName = BrowseOverflow;
			productReference = 57E39AE816FF8E1D00D686E9 /* BrowseOverflow.app */;
			productType = "com.apple.product-type.application";
		};
		57E39B1316FF8E1E00D686E9 /* BrowseOverflowTests */ = {
			isa = PBXNativeTarget;
			buildConfigurationList = 57E39B2916FF8E1E00D686E9 /* Build configuration list for PBXNativeTarget "BrowseOverflowTests" */;
			buildPhases = (
				57E39B0F16FF8E1E00D686E9 /* Sources */,
				57E39B1016FF8E1E00D686E9 /* Frameworks */,
				57E39B1116FF8E1E00D686E9 /* Resources */,
				57E39B1216FF8E1E00D686E9 /* ShellScript */,
			);
			buildRules = (
			);
			dependencies = (
				57E39B1A16FF8E1E00D686E9 /* PBXTargetDependency */,
			);
			name = BrowseOverflowTests;
			productName = BrowseOverflowTests;
			productReference = 57E39B1416FF8E1E00D686E9 /* BrowseOverflowTests.octest */;
			productType = "com.apple.product-type.bundle";
		};
/* End PBXNativeTarget section */

/* Begin PBXProject section */
		57E39AE016FF8E1D00D686E9 /* Project object */ = {
			isa = PBXProject;
			attributes = {
				LastUpgradeCheck = 0460;
				ORGANIZATIONNAME = "Álvaro Balbontín Gutiérrez";
			};
			buildConfigurationList = 57E39AE316FF8E1D00D686E9 /* Build configuration list for PBXProject "BrowseOverflow" */;
			compatibilityVersion = "Xcode 3.2";
			developmentRegion = English;
			hasScannedForEncodings = 0;
			knownRegions = (
				en,
			);
			mainGroup = 57E39ADF16FF8E1D00D686E9;
			productRefGroup = 57E39AE916FF8E1D00D686E9 /* Products */;
			projectDirPath = "";
			projectRoot = "";
			targets = (
				57E39AE716FF8E1D00D686E9 /* BrowseOverflow */,
				57E39B1316FF8E1E00D686E9 /* BrowseOverflowTests */,
			);
		};
/* End PBXProject section */

/* Begin PBXResourcesBuildPhase section */
		57E39AE616FF8E1D00D686E9 /* Resources */ = {
			isa = PBXResourcesBuildPhase;
			buildActionMask = 2147483647;
			files = (
				57E39AF616FF8E1D00D686E9 /* InfoPlist.strings in Resources */,
				57E39AFE16FF8E1D00D686E9 /* Default.png in Resources */,
				57E39B0016FF8E1D00D686E9 /* Default@2x.png in Resources */,
				57E39B0216FF8E1D00D686E9 /* Default-568h@2x.png in Resources */,
				57E39B0B16FF8E1D00D686E9 /* MasterViewController.xib in Resources */,
				57E39B0E16FF8E1D00D686E9 /* DetailViewController.xib in Resources */,
			);
			runOnlyForDeploymentPostprocessing = 0;
		};
		57E39B1116FF8E1E00D686E9 /* Resources */ = {
			isa = PBXResourcesBuildPhase;
			buildActionMask = 2147483647;
			files = (
				57E39B2016FF8E1E00D686E9 /* InfoPlist.strings in Resources */,
			);
			runOnlyForDeploymentPostprocessing = 0;
		};
/* End PBXResourcesBuildPhase section */

/* Begin PBXShellScriptBuildPhase section */
		57E39B1216FF8E1E00D686E9 /* ShellScript */ = {
			isa = PBXShellScriptBuildPhase;
			buildActionMask = 2147483647;
			files = (
			);
			inputPaths = (
			);
			outputPaths = (
			);
			runOnlyForDeploymentPostprocessing = 0;
			shellPath = /bin/sh;
			shellScript = "# Run the unit tests in this test bundle.\n\"${SYSTEM_DEVELOPER_DIR}/Tools/RunUnitTests\"\n";
		};
/* End PBXShellScriptBuildPhase section */

/* Begin PBXSourcesBuildPhase section */
		57E39AE416FF8E1D00D686E9 /* Sources */ = {
			isa = PBXSourcesBuildPhase;
			buildActionMask = 2147483647;
			files = (
				57E39AF816FF8E1D00D686E9 /* main.m in Sources */,
				57E39AFC16FF8E1D00D686E9 /* AppDelegate.m in Sources */,
				57E39B0516FF8E1D00D686E9 /* MasterViewController.m in Sources */,
				57E39B0816FF8E1D00D686E9 /* DetailViewController.m in Sources */,
				57E39B3216FF985400D686E9 /* Topic.m in Sources */,
				57CFCDD41702354700DEEB87 /* Question.m in Sources */,
				54DE616E170358B400DC5F7B /* Person.m in Sources */,
				54DE6175170368A500DC5F7B /* Answer.m in Sources */,
				578C2B96170611EF00C5069D /* StackOverflowManager.m in Sources */,
				572CE13E17061CF700876753 /* StackOverflowCommunicator.m in Sources */,
				572CE145170636EA00876753 /* QuestionBuilder.m in Sources */,
			);
			runOnlyForDeploymentPostprocessing = 0;
		};
		57E39B0F16FF8E1E00D686E9 /* Sources */ = {
			isa = PBXSourcesBuildPhase;
			buildActionMask = 2147483647;
			files = (
				57E39B2E16FF97DE00D686E9 /* TopicTests.m in Sources */,
				57E39B3316FF985400D686E9 /* Topic.m in Sources */,
				57CFCDD1170234BA00DEEB87 /* QuestionTests.m in Sources */,
				57CFCDD51702354700DEEB87 /* Question.m in Sources */,
				54DE616B1703567F00DC5F7B /* PersonTests.m in Sources */,
				54DE616F170358B400DC5F7B /* Person.m in Sources */,
				54DE6172170367F600DC5F7B /* AnswerTests.m in Sources */,
				54DE6176170368A500DC5F7B /* Answer.m in Sources */,
				578C2B911706108B00C5069D /* QuestionCreationWorkflowTests.m in Sources */,
				578C2B97170611EF00C5069D /* StackOverflowManager.m in Sources */,
				578C2B9B1706136600C5069D /* MockStackOverflowManagerDelegate.m in Sources */,
				572CE13F17061CF700876753 /* StackOverflowCommunicator.m in Sources */,
				572CE14217061D3400876753 /* MockStackOverflowCommunicator.m in Sources */,
				572CE146170636EA00876753 /* QuestionBuilder.m in Sources */,
				572CE14A1706376E00876753 /* FakeQuestionBuilder.m in Sources */,
				572CE14D1708478A00876753 /* QuestionBuilderTests.m in Sources */,
			);
			runOnlyForDeploymentPostprocessing = 0;
		};
/* End PBXSourcesBuildPhase section */

/* Begin PBXTargetDependency section */
		57E39B1A16FF8E1E00D686E9 /* PBXTargetDependency */ = {
			isa = PBXTargetDependency;
			target = 57E39AE716FF8E1D00D686E9 /* BrowseOverflow */;
			targetProxy = 57E39B1916FF8E1E00D686E9 /* PBXContainerItemProxy */;
		};
/* End PBXTargetDependency section */

/* Begin PBXVariantGroup section */
		57E39AF416FF8E1D00D686E9 /* InfoPlist.strings */ = {
			isa = PBXVariantGroup;
			children = (
				57E39AF516FF8E1D00D686E9 /* en */,
			);
			name = InfoPlist.strings;
			sourceTree = "<group>";
		};
		57E39B0916FF8E1D00D686E9 /* MasterViewController.xib */ = {
			isa = PBXVariantGroup;
			children = (
				57E39B0A16FF8E1D00D686E9 /* en */,
			);
			name = MasterViewController.xib;
			sourceTree = "<group>";
		};
		57E39B0C16FF8E1D00D686E9 /* DetailViewController.xib */ = {
			isa = PBXVariantGroup;
			children = (
				57E39B0D16FF8E1D00D686E9 /* en */,
			);
			name = DetailViewController.xib;
			sourceTree = "<group>";
		};
		57E39B1E16FF8E1E00D686E9 /* InfoPlist.strings */ = {
			isa = PBXVariantGroup;
			children = (
				57E39B1F16FF8E1E00D686E9 /* en */,
			);
			name = InfoPlist.strings;
			sourceTree = "<group>";
		};
/* End PBXVariantGroup section */

/* Begin XCBuildConfiguration section */
		57E39B2416FF8E1E00D686E9 /* Debug */ = {
			isa = XCBuildConfiguration;
			buildSettings = {
				ALWAYS_SEARCH_USER_PATHS = NO;
				CLANG_CXX_LANGUAGE_STANDARD = "gnu++0x";
				CLANG_CXX_LIBRARY = "libc++";
				CLANG_ENABLE_OBJC_ARC = YES;
				CLANG_WARN_CONSTANT_CONVERSION = YES;
				CLANG_WARN_EMPTY_BODY = YES;
				CLANG_WARN_ENUM_CONVERSION = YES;
				CLANG_WARN_INT_CONVERSION = YES;
				CLANG_WARN__DUPLICATE_METHOD_MATCH = YES;
				"CODE_SIGN_IDENTITY[sdk=iphoneos*]" = "iPhone Developer";
				COPY_PHASE_STRIP = NO;
				GCC_C_LANGUAGE_STANDARD = gnu99;
				GCC_DYNAMIC_NO_PIC = NO;
				GCC_OPTIMIZATION_LEVEL = 0;
				GCC_PREPROCESSOR_DEFINITIONS = (
					"DEBUG=1",
					"$(inherited)",
				);
				GCC_SYMBOLS_PRIVATE_EXTERN = NO;
				GCC_WARN_ABOUT_RETURN_TYPE = YES;
				GCC_WARN_UNINITIALIZED_AUTOS = YES;
				GCC_WARN_UNUSED_VARIABLE = YES;
				IPHONEOS_DEPLOYMENT_TARGET = 5.0;
				ONLY_ACTIVE_ARCH = YES;
				SDKROOT = iphoneos;
			};
			name = Debug;
		};
		57E39B2516FF8E1E00D686E9 /* Release */ = {
			isa = XCBuildConfiguration;
			buildSettings = {
				ALWAYS_SEARCH_USER_PATHS = NO;
				CLANG_CXX_LANGUAGE_STANDARD = "gnu++0x";
				CLANG_CXX_LIBRARY = "libc++";
				CLANG_ENABLE_OBJC_ARC = YES;
				CLANG_WARN_CONSTANT_CONVERSION = YES;
				CLANG_WARN_EMPTY_BODY = YES;
				CLANG_WARN_ENUM_CONVERSION = YES;
				CLANG_WARN_INT_CONVERSION = YES;
				CLANG_WARN__DUPLICATE_METHOD_MATCH = YES;
				"CODE_SIGN_IDENTITY[sdk=iphoneos*]" = "iPhone Developer";
				COPY_PHASE_STRIP = YES;
				GCC_C_LANGUAGE_STANDARD = gnu99;
				GCC_WARN_ABOUT_RETURN_TYPE = YES;
				GCC_WARN_UNINITIALIZED_AUTOS = YES;
				GCC_WARN_UNUSED_VARIABLE = YES;
				IPHONEOS_DEPLOYMENT_TARGET = 5.0;
				OTHER_CFLAGS = "-DNS_BLOCK_ASSERTIONS=1";
				SDKROOT = iphoneos;
				VALIDATE_PRODUCT = YES;
			};
			name = Release;
		};
		57E39B2716FF8E1E00D686E9 /* Debug */ = {
			isa = XCBuildConfiguration;
			buildSettings = {
				GCC_PRECOMPILE_PREFIX_HEADER = YES;
				GCC_PREFIX_HEADER = "BrowseOverflow/BrowseOverflow-Prefix.pch";
				INFOPLIST_FILE = "BrowseOverflow/BrowseOverflow-Info.plist";
				PRODUCT_NAME = "$(TARGET_NAME)";
				WRAPPER_EXTENSION = app;
			};
			name = Debug;
		};
		57E39B2816FF8E1E00D686E9 /* Release */ = {
			isa = XCBuildConfiguration;
			buildSettings = {
				GCC_PRECOMPILE_PREFIX_HEADER = YES;
				GCC_PREFIX_HEADER = "BrowseOverflow/BrowseOverflow-Prefix.pch";
				INFOPLIST_FILE = "BrowseOverflow/BrowseOverflow-Info.plist";
				PRODUCT_NAME = "$(TARGET_NAME)";
				WRAPPER_EXTENSION = app;
			};
			name = Release;
		};
		57E39B2A16FF8E1E00D686E9 /* Debug */ = {
			isa = XCBuildConfiguration;
			buildSettings = {
				BUNDLE_LOADER = "$(BUILT_PRODUCTS_DIR)/BrowseOverflow.app/BrowseOverflow";
				FRAMEWORK_SEARCH_PATHS = (
					"\"$(SDKROOT)/Developer/Library/Frameworks\"",
					"\"$(DEVELOPER_LIBRARY_DIR)/Frameworks\"",
				);
				GCC_PRECOMPILE_PREFIX_HEADER = YES;
				GCC_PREFIX_HEADER = "BrowseOverflow/BrowseOverflow-Prefix.pch";
				INFOPLIST_FILE = "BrowseOverflowTests/BrowseOverflowTests-Info.plist";
				PRODUCT_NAME = "$(TARGET_NAME)";
				TEST_HOST = "$(BUNDLE_LOADER)";
				WRAPPER_EXTENSION = octest;
			};
			name = Debug;
		};
		57E39B2B16FF8E1E00D686E9 /* Release */ = {
			isa = XCBuildConfiguration;
			buildSettings = {
				BUNDLE_LOADER = "$(BUILT_PRODUCTS_DIR)/BrowseOverflow.app/BrowseOverflow";
				FRAMEWORK_SEARCH_PATHS = (
					"\"$(SDKROOT)/Developer/Library/Frameworks\"",
					"\"$(DEVELOPER_LIBRARY_DIR)/Frameworks\"",
				);
				GCC_PRECOMPILE_PREFIX_HEADER = YES;
				GCC_PREFIX_HEADER = "BrowseOverflow/BrowseOverflow-Prefix.pch";
				INFOPLIST_FILE = "BrowseOverflowTests/BrowseOverflowTests-Info.plist";
				PRODUCT_NAME = "$(TARGET_NAME)";
				TEST_HOST = "$(BUNDLE_LOADER)";
				WRAPPER_EXTENSION = octest;
			};
			name = Release;
		};
/* End XCBuildConfiguration section */

/* Begin XCConfigurationList section */
		57E39AE316FF8E1D00D686E9 /* Build configuration list for PBXProject "BrowseOverflow" */ = {
			isa = XCConfigurationList;
			buildConfigurations = (
				57E39B2416FF8E1E00D686E9 /* Debug */,
				57E39B2516FF8E1E00D686E9 /* Release */,
			);
			defaultConfigurationIsVisible = 0;
			defaultConfigurationName = Release;
		};
		57E39B2616FF8E1E00D686E9 /* Build configuration list for PBXNativeTarget "BrowseOverflow" */ = {
			isa = XCConfigurationList;
			buildConfigurations = (
				57E39B2716FF8E1E00D686E9 /* Debug */,
				57E39B2816FF8E1E00D686E9 /* Release */,
			);
			defaultConfigurationIsVisible = 0;
			defaultConfigurationName = Release;
		};
		57E39B2916FF8E1E00D686E9 /* Build configuration list for PBXNativeTarget "BrowseOverflowTests" */ = {
			isa = XCConfigurationList;
			buildConfigurations = (
				57E39B2A16FF8E1E00D686E9 /* Debug */,
				57E39B2B16FF8E1E00D686E9 /* Release */,
			);
			defaultConfigurationIsVisible = 0;
			defaultConfigurationName = Release;
		};
/* End XCConfigurationList section */
	};
	rootObject = 57E39AE016FF8E1D00D686E9 /* Project object */;
}
